// !$*UTF8*$!
{
	archiveVersion = 1;
	classes = {
	};
	objectVersion = 46;
	objects = {

/* Begin PBXBuildFile section */
		FF5370F71AC604A200BA7A47 /* Workout.m in Sources */ = {isa = PBXBuildFile; fileRef = FF5370F61AC604A200BA7A47 /* Workout.m */; };
		FF5370FA1AC604B200BA7A47 /* Exercise.m in Sources */ = {isa = PBXBuildFile; fileRef = FF5370F91AC604B200BA7A47 /* Exercise.m */; };
		FF5370FD1AC604C300BA7A47 /* Analytics.m in Sources */ = {isa = PBXBuildFile; fileRef = FF5370FC1AC604C300BA7A47 /* Analytics.m */; };
		FF5371001AC604CF00BA7A47 /* Goals.m in Sources */ = {isa = PBXBuildFile; fileRef = FF5370FF1AC604CF00BA7A47 /* Goals.m */; };
		FF93DBBC1ACB2CA400CEFC24 /* HomePageViewController.m in Sources */ = {isa = PBXBuildFile; fileRef = FF93DBBB1ACB2CA400CEFC24 /* HomePageViewController.m */; };
		FF93DBBF1ACB2CF800CEFC24 /* HomePageDatesource.m in Sources */ = {isa = PBXBuildFile; fileRef = FF93DBBE1ACB2CF800CEFC24 /* HomePageDatesource.m */; };
		FFC6225B1AC4A2DA00EDB26B /* main.m in Sources */ = {isa = PBXBuildFile; fileRef = FFC6225A1AC4A2DA00EDB26B /* main.m */; };
		FFC6225E1AC4A2DB00EDB26B /* AppDelegate.m in Sources */ = {isa = PBXBuildFile; fileRef = FFC6225D1AC4A2DB00EDB26B /* AppDelegate.m */; };
		FFC622611AC4A2DB00EDB26B /* ViewController.m in Sources */ = {isa = PBXBuildFile; fileRef = FFC622601AC4A2DB00EDB26B /* ViewController.m */; };
		FFC622641AC4A2DB00EDB26B /* Main.storyboard in Resources */ = {isa = PBXBuildFile; fileRef = FFC622621AC4A2DB00EDB26B /* Main.storyboard */; };
		FFC622661AC4A2DB00EDB26B /* Images.xcassets in Resources */ = {isa = PBXBuildFile; fileRef = FFC622651AC4A2DB00EDB26B /* Images.xcassets */; };
		FFC622691AC4A2DB00EDB26B /* LaunchScreen.xib in Resources */ = {isa = PBXBuildFile; fileRef = FFC622671AC4A2DB00EDB26B /* LaunchScreen.xib */; };
		FFC622751AC4A2DB00EDB26B /* WorkoutCapstoneTests.m in Sources */ = {isa = PBXBuildFile; fileRef = FFC622741AC4A2DB00EDB26B /* WorkoutCapstoneTests.m */; };
		FFC622851AC4A4DC00EDB26B /* Bolts.framework in Frameworks */ = {isa = PBXBuildFile; fileRef = FFC6227F1AC4A4DC00EDB26B /* Bolts.framework */; };
		FFC622861AC4A4DC00EDB26B /* Parse.framework in Frameworks */ = {isa = PBXBuildFile; fileRef = FFC622801AC4A4DC00EDB26B /* Parse.framework */; };
		FFC622871AC4A4DC00EDB26B /* ParseCrashReporting.framework in Frameworks */ = {isa = PBXBuildFile; fileRef = FFC622811AC4A4DC00EDB26B /* ParseCrashReporting.framework */; };
		FFC622881AC4A4DC00EDB26B /* ParseFacebookUtils.framework in Frameworks */ = {isa = PBXBuildFile; fileRef = FFC622821AC4A4DC00EDB26B /* ParseFacebookUtils.framework */; };
		FFC622891AC4A4DC00EDB26B /* ParseFacebookUtilsV4.framework in Frameworks */ = {isa = PBXBuildFile; fileRef = FFC622831AC4A4DC00EDB26B /* ParseFacebookUtilsV4.framework */; };
		FFC6228A1AC4A4DC00EDB26B /* ParseUI.framework in Frameworks */ = {isa = PBXBuildFile; fileRef = FFC622841AC4A4DC00EDB26B /* ParseUI.framework */; };
		FFC6228C1AC4A52000EDB26B /* AudioToolbox.framework in Frameworks */ = {isa = PBXBuildFile; fileRef = FFC6228B1AC4A52000EDB26B /* AudioToolbox.framework */; };
		FFC6228E1AC4A52D00EDB26B /* CFNetwork.framework in Frameworks */ = {isa = PBXBuildFile; fileRef = FFC6228D1AC4A52D00EDB26B /* CFNetwork.framework */; };
		FFC622901AC4A53600EDB26B /* CoreGraphics.framework in Frameworks */ = {isa = PBXBuildFile; fileRef = FFC6228F1AC4A53600EDB26B /* CoreGraphics.framework */; };
		FFC622921AC4A54000EDB26B /* CoreLocation.framework in Frameworks */ = {isa = PBXBuildFile; fileRef = FFC622911AC4A54000EDB26B /* CoreLocation.framework */; };
		FFC622941AC4A54C00EDB26B /* MobileCoreServices.framework in Frameworks */ = {isa = PBXBuildFile; fileRef = FFC622931AC4A54C00EDB26B /* MobileCoreServices.framework */; };
		FFC622961AC4A55600EDB26B /* QuartzCore.framework in Frameworks */ = {isa = PBXBuildFile; fileRef = FFC622951AC4A55600EDB26B /* QuartzCore.framework */; };
		FFC622981AC4A55F00EDB26B /* Security.framework in Frameworks */ = {isa = PBXBuildFile; fileRef = FFC622971AC4A55F00EDB26B /* Security.framework */; };
		FFC6229A1AC4A57B00EDB26B /* StoreKit.framework in Frameworks */ = {isa = PBXBuildFile; fileRef = FFC622991AC4A57B00EDB26B /* StoreKit.framework */; };
		FFC6229C1AC4A58F00EDB26B /* SystemConfiguration.framework in Frameworks */ = {isa = PBXBuildFile; fileRef = FFC6229B1AC4A58F00EDB26B /* SystemConfiguration.framework */; };
		FFC6229E1AC4A5A500EDB26B /* libz.dylib in Frameworks */ = {isa = PBXBuildFile; fileRef = FFC6229D1AC4A5A500EDB26B /* libz.dylib */; };
		FFC622A01AC4A5C000EDB26B /* libsqlite3.dylib in Frameworks */ = {isa = PBXBuildFile; fileRef = FFC6229F1AC4A5C000EDB26B /* libsqlite3.dylib */; };
		FFC622A41AC4AA5100EDB26B /* NetworkController.m in Sources */ = {isa = PBXBuildFile; fileRef = FFC622A31AC4AA5100EDB26B /* NetworkController.m */; };
		FFC622A71AC4AA6600EDB26B /* ModelController.m in Sources */ = {isa = PBXBuildFile; fileRef = FFC622A61AC4AA6600EDB26B /* ModelController.m */; };
/* End PBXBuildFile section */

/* Begin PBXContainerItemProxy section */
		FFC6226F1AC4A2DB00EDB26B /* PBXContainerItemProxy */ = {
			isa = PBXContainerItemProxy;
			containerPortal = FFC6224D1AC4A2DA00EDB26B /* Project object */;
			proxyType = 1;
			remoteGlobalIDString = FFC622541AC4A2DA00EDB26B;
			remoteInfo = WorkoutCapstone;
		};
/* End PBXContainerItemProxy section */

/* Begin PBXFileReference section */
		FF5370F51AC604A200BA7A47 /* Workout.h */ = {isa = PBXFileReference; fileEncoding = 4; lastKnownFileType = sourcecode.c.h; path = Workout.h; sourceTree = "<group>"; };
		FF5370F61AC604A200BA7A47 /* Workout.m */ = {isa = PBXFileReference; fileEncoding = 4; lastKnownFileType = sourcecode.c.objc; path = Workout.m; sourceTree = "<group>"; };
		FF5370F81AC604B200BA7A47 /* Exercise.h */ = {isa = PBXFileReference; fileEncoding = 4; lastKnownFileType = sourcecode.c.h; path = Exercise.h; sourceTree = "<group>"; };
		FF5370F91AC604B200BA7A47 /* Exercise.m */ = {isa = PBXFileReference; fileEncoding = 4; lastKnownFileType = sourcecode.c.objc; path = Exercise.m; sourceTree = "<group>"; };
		FF5370FB1AC604C300BA7A47 /* Analytics.h */ = {isa = PBXFileReference; fileEncoding = 4; lastKnownFileType = sourcecode.c.h; path = Analytics.h; sourceTree = "<group>"; };
		FF5370FC1AC604C300BA7A47 /* Analytics.m */ = {isa = PBXFileReference; fileEncoding = 4; lastKnownFileType = sourcecode.c.objc; path = Analytics.m; sourceTree = "<group>"; };
		FF5370FE1AC604CF00BA7A47 /* Goals.h */ = {isa = PBXFileReference; fileEncoding = 4; lastKnownFileType = sourcecode.c.h; path = Goals.h; sourceTree = "<group>"; };
		FF5370FF1AC604CF00BA7A47 /* Goals.m */ = {isa = PBXFileReference; fileEncoding = 4; lastKnownFileType = sourcecode.c.objc; path = Goals.m; sourceTree = "<group>"; };
		FF93DBBA1ACB2CA400CEFC24 /* HomePageViewController.h */ = {isa = PBXFileReference; fileEncoding = 4; lastKnownFileType = sourcecode.c.h; path = HomePageViewController.h; sourceTree = "<group>"; };
		FF93DBBB1ACB2CA400CEFC24 /* HomePageViewController.m */ = {isa = PBXFileReference; fileEncoding = 4; lastKnownFileType = sourcecode.c.objc; path = HomePageViewController.m; sourceTree = "<group>"; };
		FF93DBBD1ACB2CF800CEFC24 /* HomePageDatesource.h */ = {isa = PBXFileReference; fileEncoding = 4; lastKnownFileType = sourcecode.c.h; path = HomePageDatesource.h; sourceTree = "<group>"; };
		FF93DBBE1ACB2CF800CEFC24 /* HomePageDatesource.m */ = {isa = PBXFileReference; fileEncoding = 4; lastKnownFileType = sourcecode.c.objc; path = HomePageDatesource.m; sourceTree = "<group>"; };
		FFC622551AC4A2DA00EDB26B /* WorkoutCapstone.app */ = {isa = PBXFileReference; explicitFileType = wrapper.application; includeInIndex = 0; path = WorkoutCapstone.app; sourceTree = BUILT_PRODUCTS_DIR; };
		FFC622591AC4A2DA00EDB26B /* Info.plist */ = {isa = PBXFileReference; lastKnownFileType = text.plist.xml; path = Info.plist; sourceTree = "<group>"; };
		FFC6225A1AC4A2DA00EDB26B /* main.m */ = {isa = PBXFileReference; lastKnownFileType = sourcecode.c.objc; path = main.m; sourceTree = "<group>"; };
		FFC6225C1AC4A2DA00EDB26B /* AppDelegate.h */ = {isa = PBXFileReference; lastKnownFileType = sourcecode.c.h; path = AppDelegate.h; sourceTree = "<group>"; };
		FFC6225D1AC4A2DB00EDB26B /* AppDelegate.m */ = {isa = PBXFileReference; lastKnownFileType = sourcecode.c.objc; path = AppDelegate.m; sourceTree = "<group>"; };
		FFC6225F1AC4A2DB00EDB26B /* ViewController.h */ = {isa = PBXFileReference; lastKnownFileType = sourcecode.c.h; path = ViewController.h; sourceTree = "<group>"; };
		FFC622601AC4A2DB00EDB26B /* ViewController.m */ = {isa = PBXFileReference; lastKnownFileType = sourcecode.c.objc; path = ViewController.m; sourceTree = "<group>"; };
		FFC622631AC4A2DB00EDB26B /* Base */ = {isa = PBXFileReference; lastKnownFileType = file.storyboard; name = Base; path = Base.lproj/Main.storyboard; sourceTree = "<group>"; };
		FFC622651AC4A2DB00EDB26B /* Images.xcassets */ = {isa = PBXFileReference; lastKnownFileType = folder.assetcatalog; path = Images.xcassets; sourceTree = "<group>"; };
		FFC622681AC4A2DB00EDB26B /* Base */ = {isa = PBXFileReference; lastKnownFileType = file.xib; name = Base; path = Base.lproj/LaunchScreen.xib; sourceTree = "<group>"; };
		FFC6226E1AC4A2DB00EDB26B /* WorkoutCapstoneTests.xctest */ = {isa = PBXFileReference; explicitFileType = wrapper.cfbundle; includeInIndex = 0; path = WorkoutCapstoneTests.xctest; sourceTree = BUILT_PRODUCTS_DIR; };
		FFC622731AC4A2DB00EDB26B /* Info.plist */ = {isa = PBXFileReference; lastKnownFileType = text.plist.xml; path = Info.plist; sourceTree = "<group>"; };
		FFC622741AC4A2DB00EDB26B /* WorkoutCapstoneTests.m */ = {isa = PBXFileReference; lastKnownFileType = sourcecode.c.objc; path = WorkoutCapstoneTests.m; sourceTree = "<group>"; };
		FFC6227F1AC4A4DC00EDB26B /* Bolts.framework */ = {isa = PBXFileReference; lastKnownFileType = wrapper.framework; path = Bolts.framework; sourceTree = "<group>"; };
		FFC622801AC4A4DC00EDB26B /* Parse.framework */ = {isa = PBXFileReference; lastKnownFileType = wrapper.framework; path = Parse.framework; sourceTree = "<group>"; };
		FFC622811AC4A4DC00EDB26B /* ParseCrashReporting.framework */ = {isa = PBXFileReference; lastKnownFileType = wrapper.framework; path = ParseCrashReporting.framework; sourceTree = "<group>"; };
		FFC622821AC4A4DC00EDB26B /* ParseFacebookUtils.framework */ = {isa = PBXFileReference; lastKnownFileType = wrapper.framework; path = ParseFacebookUtils.framework; sourceTree = "<group>"; };
		FFC622831AC4A4DC00EDB26B /* ParseFacebookUtilsV4.framework */ = {isa = PBXFileReference; lastKnownFileType = wrapper.framework; path = ParseFacebookUtilsV4.framework; sourceTree = "<group>"; };
		FFC622841AC4A4DC00EDB26B /* ParseUI.framework */ = {isa = PBXFileReference; lastKnownFileType = wrapper.framework; path = ParseUI.framework; sourceTree = "<group>"; };
		FFC6228B1AC4A52000EDB26B /* AudioToolbox.framework */ = {isa = PBXFileReference; lastKnownFileType = wrapper.framework; name = AudioToolbox.framework; path = System/Library/Frameworks/AudioToolbox.framework; sourceTree = SDKROOT; };
		FFC6228D1AC4A52D00EDB26B /* CFNetwork.framework */ = {isa = PBXFileReference; lastKnownFileType = wrapper.framework; name = CFNetwork.framework; path = System/Library/Frameworks/CFNetwork.framework; sourceTree = SDKROOT; };
		FFC6228F1AC4A53600EDB26B /* CoreGraphics.framework */ = {isa = PBXFileReference; lastKnownFileType = wrapper.framework; name = CoreGraphics.framework; path = System/Library/Frameworks/CoreGraphics.framework; sourceTree = SDKROOT; };
		FFC622911AC4A54000EDB26B /* CoreLocation.framework */ = {isa = PBXFileReference; lastKnownFileType = wrapper.framework; name = CoreLocation.framework; path = System/Library/Frameworks/CoreLocation.framework; sourceTree = SDKROOT; };
		FFC622931AC4A54C00EDB26B /* MobileCoreServices.framework */ = {isa = PBXFileReference; lastKnownFileType = wrapper.framework; name = MobileCoreServices.framework; path = System/Library/Frameworks/MobileCoreServices.framework; sourceTree = SDKROOT; };
		FFC622951AC4A55600EDB26B /* QuartzCore.framework */ = {isa = PBXFileReference; lastKnownFileType = wrapper.framework; name = QuartzCore.framework; path = System/Library/Frameworks/QuartzCore.framework; sourceTree = SDKROOT; };
		FFC622971AC4A55F00EDB26B /* Security.framework */ = {isa = PBXFileReference; lastKnownFileType = wrapper.framework; name = Security.framework; path = System/Library/Frameworks/Security.framework; sourceTree = SDKROOT; };
		FFC622991AC4A57B00EDB26B /* StoreKit.framework */ = {isa = PBXFileReference; lastKnownFileType = wrapper.framework; name = StoreKit.framework; path = System/Library/Frameworks/StoreKit.framework; sourceTree = SDKROOT; };
		FFC6229B1AC4A58F00EDB26B /* SystemConfiguration.framework */ = {isa = PBXFileReference; lastKnownFileType = wrapper.framework; name = SystemConfiguration.framework; path = System/Library/Frameworks/SystemConfiguration.framework; sourceTree = SDKROOT; };
		FFC6229D1AC4A5A500EDB26B /* libz.dylib */ = {isa = PBXFileReference; lastKnownFileType = "compiled.mach-o.dylib"; name = libz.dylib; path = usr/lib/libz.dylib; sourceTree = SDKROOT; };
		FFC6229F1AC4A5C000EDB26B /* libsqlite3.dylib */ = {isa = PBXFileReference; lastKnownFileType = "compiled.mach-o.dylib"; name = libsqlite3.dylib; path = usr/lib/libsqlite3.dylib; sourceTree = SDKROOT; };
		FFC622A21AC4AA5100EDB26B /* NetworkController.h */ = {isa = PBXFileReference; fileEncoding = 4; lastKnownFileType = sourcecode.c.h; path = NetworkController.h; sourceTree = "<group>"; };
		FFC622A31AC4AA5100EDB26B /* NetworkController.m */ = {isa = PBXFileReference; fileEncoding = 4; lastKnownFileType = sourcecode.c.objc; path = NetworkController.m; sourceTree = "<group>"; };
		FFC622A51AC4AA6600EDB26B /* ModelController.h */ = {isa = PBXFileReference; fileEncoding = 4; lastKnownFileType = sourcecode.c.h; path = ModelController.h; sourceTree = "<group>"; };
		FFC622A61AC4AA6600EDB26B /* ModelController.m */ = {isa = PBXFileReference; fileEncoding = 4; lastKnownFileType = sourcecode.c.objc; path = ModelController.m; sourceTree = "<group>"; };
/* End PBXFileReference section */

/* Begin PBXFrameworksBuildPhase section */
		FFC622521AC4A2DA00EDB26B /* Frameworks */ = {
			isa = PBXFrameworksBuildPhase;
			buildActionMask = 2147483647;
			files = (
				FFC622A01AC4A5C000EDB26B /* libsqlite3.dylib in Frameworks */,
				FFC6229E1AC4A5A500EDB26B /* libz.dylib in Frameworks */,
				FFC6229C1AC4A58F00EDB26B /* SystemConfiguration.framework in Frameworks */,
				FFC6229A1AC4A57B00EDB26B /* StoreKit.framework in Frameworks */,
				FFC622981AC4A55F00EDB26B /* Security.framework in Frameworks */,
				FFC622961AC4A55600EDB26B /* QuartzCore.framework in Frameworks */,
				FFC622941AC4A54C00EDB26B /* MobileCoreServices.framework in Frameworks */,
				FFC622921AC4A54000EDB26B /* CoreLocation.framework in Frameworks */,
				FFC622901AC4A53600EDB26B /* CoreGraphics.framework in Frameworks */,
				FFC6228E1AC4A52D00EDB26B /* CFNetwork.framework in Frameworks */,
				FFC6228C1AC4A52000EDB26B /* AudioToolbox.framework in Frameworks */,
				FFC6228A1AC4A4DC00EDB26B /* ParseUI.framework in Frameworks */,
				FFC622861AC4A4DC00EDB26B /* Parse.framework in Frameworks */,
				FFC622871AC4A4DC00EDB26B /* ParseCrashReporting.framework in Frameworks */,
				FFC622881AC4A4DC00EDB26B /* ParseFacebookUtils.framework in Frameworks */,
				FFC622851AC4A4DC00EDB26B /* Bolts.framework in Frameworks */,
				FFC622891AC4A4DC00EDB26B /* ParseFacebookUtilsV4.framework in Frameworks */,
			);
			runOnlyForDeploymentPostprocessing = 0;
		};
		FFC6226B1AC4A2DB00EDB26B /* Frameworks */ = {
			isa = PBXFrameworksBuildPhase;
			buildActionMask = 2147483647;
			files = (
			);
			runOnlyForDeploymentPostprocessing = 0;
		};
/* End PBXFrameworksBuildPhase section */

/* Begin PBXGroup section */
		FF5370F11AC5F53E00BA7A47 /* Model */ = {
			isa = PBXGroup;
			children = (
				FFC622A51AC4AA6600EDB26B /* ModelController.h */,
				FFC622A61AC4AA6600EDB26B /* ModelController.m */,
				FF5370F51AC604A200BA7A47 /* Workout.h */,
				FF5370F61AC604A200BA7A47 /* Workout.m */,
				FF5370F81AC604B200BA7A47 /* Exercise.h */,
				FF5370F91AC604B200BA7A47 /* Exercise.m */,
				FF5370FB1AC604C300BA7A47 /* Analytics.h */,
				FF5370FC1AC604C300BA7A47 /* Analytics.m */,
				FF5370FE1AC604CF00BA7A47 /* Goals.h */,
				FF5370FF1AC604CF00BA7A47 /* Goals.m */,
			);
			name = Model;
			sourceTree = "<group>";
		};
		FF93DBD51ACB32A000CEFC24 /* HomePageViewController */ = {
			isa = PBXGroup;
			children = (
				FF93DBBA1ACB2CA400CEFC24 /* HomePageViewController.h */,
				FF93DBBB1ACB2CA400CEFC24 /* HomePageViewController.m */,
				FF93DBD61ACB32B900CEFC24 /* Datasource */,
			);
			name = HomePageViewController;
			sourceTree = "<group>";
		};
		FF93DBD61ACB32B900CEFC24 /* Datasource */ = {
			isa = PBXGroup;
			children = (
				FF93DBBD1ACB2CF800CEFC24 /* HomePageDatesource.h */,
				FF93DBBE1ACB2CF800CEFC24 /* HomePageDatesource.m */,
			);
			name = Datasource;
			sourceTree = "<group>";
		};
		FFC6224C1AC4A2DA00EDB26B = {
			isa = PBXGroup;
			children = (
				FFC622571AC4A2DA00EDB26B /* WorkoutCapstone */,
				FFC622711AC4A2DB00EDB26B /* WorkoutCapstoneTests */,
				FFC622561AC4A2DA00EDB26B /* Products */,
				FFC6227E1AC4A4DC00EDB26B /* parse-library-1 */,
				FFC622A11AC4A66D00EDB26B /* Parse */,
			);
			sourceTree = "<group>";
		};
		FFC622561AC4A2DA00EDB26B /* Products */ = {
			isa = PBXGroup;
			children = (
				FFC622551AC4A2DA00EDB26B /* WorkoutCapstone.app */,
				FFC6226E1AC4A2DB00EDB26B /* WorkoutCapstoneTests.xctest */,
			);
			name = Products;
			sourceTree = "<group>";
		};
		FFC622571AC4A2DA00EDB26B /* WorkoutCapstone */ = {
			isa = PBXGroup;
			children = (
				FFC6225C1AC4A2DA00EDB26B /* AppDelegate.h */,
				FFC6225D1AC4A2DB00EDB26B /* AppDelegate.m */,
				FFC6225F1AC4A2DB00EDB26B /* ViewController.h */,
				FFC622601AC4A2DB00EDB26B /* ViewController.m */,
				FF93DBD51ACB32A000CEFC24 /* HomePageViewController */,
				FFC622A21AC4AA5100EDB26B /* NetworkController.h */,
				FFC622A31AC4AA5100EDB26B /* NetworkController.m */,
				FF5370F11AC5F53E00BA7A47 /* Model */,
				FFC622621AC4A2DB00EDB26B /* Main.storyboard */,
				FFC622651AC4A2DB00EDB26B /* Images.xcassets */,
				FFC622671AC4A2DB00EDB26B /* LaunchScreen.xib */,
				FFC622581AC4A2DA00EDB26B /* Supporting Files */,
			);
			path = WorkoutCapstone;
			sourceTree = "<group>";
		};
		FFC622581AC4A2DA00EDB26B /* Supporting Files */ = {
			isa = PBXGroup;
			children = (
				FFC622591AC4A2DA00EDB26B /* Info.plist */,
				FFC6225A1AC4A2DA00EDB26B /* main.m */,
			);
			name = "Supporting Files";
			sourceTree = "<group>";
		};
		FFC622711AC4A2DB00EDB26B /* WorkoutCapstoneTests */ = {
			isa = PBXGroup;
			children = (
				FFC622741AC4A2DB00EDB26B /* WorkoutCapstoneTests.m */,
				FFC622721AC4A2DB00EDB26B /* Supporting Files */,
			);
			path = WorkoutCapstoneTests;
			sourceTree = "<group>";
		};
		FFC622721AC4A2DB00EDB26B /* Supporting Files */ = {
			isa = PBXGroup;
			children = (
				FFC622731AC4A2DB00EDB26B /* Info.plist */,
			);
			name = "Supporting Files";
			sourceTree = "<group>";
		};
		FFC6227E1AC4A4DC00EDB26B /* parse-library-1 */ = {
			isa = PBXGroup;
			children = (
				FFC6227F1AC4A4DC00EDB26B /* Bolts.framework */,
				FFC622801AC4A4DC00EDB26B /* Parse.framework */,
				FFC622811AC4A4DC00EDB26B /* ParseCrashReporting.framework */,
				FFC622821AC4A4DC00EDB26B /* ParseFacebookUtils.framework */,
				FFC622831AC4A4DC00EDB26B /* ParseFacebookUtilsV4.framework */,
				FFC622841AC4A4DC00EDB26B /* ParseUI.framework */,
			);
			path = "parse-library-1";
			sourceTree = "<group>";
		};
		FFC622A11AC4A66D00EDB26B /* Parse */ = {
			isa = PBXGroup;
			children = (
				FFC6229F1AC4A5C000EDB26B /* libsqlite3.dylib */,
				FFC6229D1AC4A5A500EDB26B /* libz.dylib */,
				FFC6229B1AC4A58F00EDB26B /* SystemConfiguration.framework */,
				FFC622991AC4A57B00EDB26B /* StoreKit.framework */,
				FFC622971AC4A55F00EDB26B /* Security.framework */,
				FFC622951AC4A55600EDB26B /* QuartzCore.framework */,
				FFC622931AC4A54C00EDB26B /* MobileCoreServices.framework */,
				FFC622911AC4A54000EDB26B /* CoreLocation.framework */,
				FFC6228F1AC4A53600EDB26B /* CoreGraphics.framework */,
				FFC6228D1AC4A52D00EDB26B /* CFNetwork.framework */,
				FFC6228B1AC4A52000EDB26B /* AudioToolbox.framework */,
			);
			name = Parse;
			sourceTree = "<group>";
		};
/* End PBXGroup section */

/* Begin PBXNativeTarget section */
		FFC622541AC4A2DA00EDB26B /* WorkoutCapstone */ = {
			isa = PBXNativeTarget;
			buildConfigurationList = FFC622781AC4A2DB00EDB26B /* Build configuration list for PBXNativeTarget "WorkoutCapstone" */;
			buildPhases = (
				FFC622511AC4A2DA00EDB26B /* Sources */,
				FFC622521AC4A2DA00EDB26B /* Frameworks */,
				FFC622531AC4A2DA00EDB26B /* Resources */,
			);
			buildRules = (
			);
			dependencies = (
			);
			name = WorkoutCapstone;
			productName = WorkoutCapstone;
			productReference = FFC622551AC4A2DA00EDB26B /* WorkoutCapstone.app */;
			productType = "com.apple.product-type.application";
		};
		FFC6226D1AC4A2DB00EDB26B /* WorkoutCapstoneTests */ = {
			isa = PBXNativeTarget;
			buildConfigurationList = FFC6227B1AC4A2DB00EDB26B /* Build configuration list for PBXNativeTarget "WorkoutCapstoneTests" */;
			buildPhases = (
				FFC6226A1AC4A2DB00EDB26B /* Sources */,
				FFC6226B1AC4A2DB00EDB26B /* Frameworks */,
				FFC6226C1AC4A2DB00EDB26B /* Resources */,
			);
			buildRules = (
			);
			dependencies = (
				FFC622701AC4A2DB00EDB26B /* PBXTargetDependency */,
			);
			name = WorkoutCapstoneTests;
			productName = WorkoutCapstoneTests;
			productReference = FFC6226E1AC4A2DB00EDB26B /* WorkoutCapstoneTests.xctest */;
			productType = "com.apple.product-type.bundle.unit-test";
		};
/* End PBXNativeTarget section */

/* Begin PBXProject section */
		FFC6224D1AC4A2DA00EDB26B /* Project object */ = {
			isa = PBXProject;
			attributes = {
				LastUpgradeCheck = 0620;
				ORGANIZATIONNAME = "Ross McIlwaine";
				TargetAttributes = {
					FFC622541AC4A2DA00EDB26B = {
						CreatedOnToolsVersion = 6.2;
						DevelopmentTeam = 8859BW6G67;
					};
					FFC6226D1AC4A2DB00EDB26B = {
						CreatedOnToolsVersion = 6.2;
						TestTargetID = FFC622541AC4A2DA00EDB26B;
					};
				};
			};
			buildConfigurationList = FFC622501AC4A2DA00EDB26B /* Build configuration list for PBXProject "WorkoutCapstone" */;
			compatibilityVersion = "Xcode 3.2";
			developmentRegion = English;
			hasScannedForEncodings = 0;
			knownRegions = (
				en,
				Base,
			);
			mainGroup = FFC6224C1AC4A2DA00EDB26B;
			productRefGroup = FFC622561AC4A2DA00EDB26B /* Products */;
			projectDirPath = "";
			projectRoot = "";
			targets = (
				FFC622541AC4A2DA00EDB26B /* WorkoutCapstone */,
				FFC6226D1AC4A2DB00EDB26B /* WorkoutCapstoneTests */,
			);
		};
/* End PBXProject section */

/* Begin PBXResourcesBuildPhase section */
		FFC622531AC4A2DA00EDB26B /* Resources */ = {
			isa = PBXResourcesBuildPhase;
			buildActionMask = 2147483647;
			files = (
				FFC622641AC4A2DB00EDB26B /* Main.storyboard in Resources */,
				FFC622691AC4A2DB00EDB26B /* LaunchScreen.xib in Resources */,
				FFC622661AC4A2DB00EDB26B /* Images.xcassets in Resources */,
			);
			runOnlyForDeploymentPostprocessing = 0;
		};
		FFC6226C1AC4A2DB00EDB26B /* Resources */ = {
			isa = PBXResourcesBuildPhase;
			buildActionMask = 2147483647;
			files = (
			);
			runOnlyForDeploymentPostprocessing = 0;
		};
/* End PBXResourcesBuildPhase section */

/* Begin PBXSourcesBuildPhase section */
		FFC622511AC4A2DA00EDB26B /* Sources */ = {
			isa = PBXSourcesBuildPhase;
			buildActionMask = 2147483647;
			files = (
				FFC622A41AC4AA5100EDB26B /* NetworkController.m in Sources */,
				FFC622611AC4A2DB00EDB26B /* ViewController.m in Sources */,
				FF93DBBC1ACB2CA400CEFC24 /* HomePageViewController.m in Sources */,
				FF93DBBF1ACB2CF800CEFC24 /* HomePageDatesource.m in Sources */,
				FFC622A71AC4AA6600EDB26B /* ModelController.m in Sources */,
				FF5371001AC604CF00BA7A47 /* Goals.m in Sources */,
				FFC6225E1AC4A2DB00EDB26B /* AppDelegate.m in Sources */,
				FFC6225B1AC4A2DA00EDB26B /* main.m in Sources */,
				FF5370FA1AC604B200BA7A47 /* Exercise.m in Sources */,
				FF5370FD1AC604C300BA7A47 /* Analytics.m in Sources */,
				FF5370F71AC604A200BA7A47 /* Workout.m in Sources */,
			);
			runOnlyForDeploymentPostprocessing = 0;
		};
		FFC6226A1AC4A2DB00EDB26B /* Sources */ = {
			isa = PBXSourcesBuildPhase;
			buildActionMask = 2147483647;
			files = (
				FFC622751AC4A2DB00EDB26B /* WorkoutCapstoneTests.m in Sources */,
			);
			runOnlyForDeploymentPostprocessing = 0;
		};
/* End PBXSourcesBuildPhase section */

/* Begin PBXTargetDependency section */
		FFC622701AC4A2DB00EDB26B /* PBXTargetDependency */ = {
			isa = PBXTargetDependency;
			target = FFC622541AC4A2DA00EDB26B /* WorkoutCapstone */;
			targetProxy = FFC6226F1AC4A2DB00EDB26B /* PBXContainerItemProxy */;
		};
/* End PBXTargetDependency section */

/* Begin PBXVariantGroup section */
		FFC622621AC4A2DB00EDB26B /* Main.storyboard */ = {
			isa = PBXVariantGroup;
			children = (
				FFC622631AC4A2DB00EDB26B /* Base */,
			);
			name = Main.storyboard;
			sourceTree = "<group>";
		};
		FFC622671AC4A2DB00EDB26B /* LaunchScreen.xib */ = {
			isa = PBXVariantGroup;
			children = (
				FFC622681AC4A2DB00EDB26B /* Base */,
			);
			name = LaunchScreen.xib;
			sourceTree = "<group>";
		};
/* End PBXVariantGroup section */

/* Begin XCBuildConfiguration section */
		FFC622761AC4A2DB00EDB26B /* Debug */ = {
			isa = XCBuildConfiguration;
			buildSettings = {
				ALWAYS_SEARCH_USER_PATHS = NO;
				CLANG_CXX_LANGUAGE_STANDARD = "gnu++0x";
				CLANG_CXX_LIBRARY = "libc++";
				CLANG_ENABLE_MODULES = YES;
				CLANG_ENABLE_OBJC_ARC = YES;
				CLANG_WARN_BOOL_CONVERSION = YES;
				CLANG_WARN_CONSTANT_CONVERSION = YES;
				CLANG_WARN_DIRECT_OBJC_ISA_USAGE = YES_ERROR;
				CLANG_WARN_EMPTY_BODY = YES;
				CLANG_WARN_ENUM_CONVERSION = YES;
				CLANG_WARN_INT_CONVERSION = YES;
				CLANG_WARN_OBJC_ROOT_CLASS = YES_ERROR;
				CLANG_WARN_UNREACHABLE_CODE = YES;
				CLANG_WARN__DUPLICATE_METHOD_MATCH = YES;
				CODE_SIGN_IDENTITY = "Apple Development IOS Push Services: com.RossMcIlwaine.WorkoutCapstone";
				"CODE_SIGN_IDENTITY[sdk=iphoneos*]" = "iPhone Developer";
				COPY_PHASE_STRIP = NO;
				ENABLE_STRICT_OBJC_MSGSEND = YES;
				GCC_C_LANGUAGE_STANDARD = gnu99;
				GCC_DYNAMIC_NO_PIC = NO;
				GCC_OPTIMIZATION_LEVEL = 0;
				GCC_PREPROCESSOR_DEFINITIONS = (
					"DEBUG=1",
					"$(inherited)",
				);
				GCC_SYMBOLS_PRIVATE_EXTERN = NO;
				GCC_WARN_64_TO_32_BIT_CONVERSION = YES;
				GCC_WARN_ABOUT_RETURN_TYPE = YES_ERROR;
				GCC_WARN_UNDECLARED_SELECTOR = YES;
				GCC_WARN_UNINITIALIZED_AUTOS = YES_AGGRESSIVE;
				GCC_WARN_UNUSED_FUNCTION = YES;
				GCC_WARN_UNUSED_VARIABLE = YES;
				IPHONEOS_DEPLOYMENT_TARGET = 8.2;
				MTL_ENABLE_DEBUG_INFO = YES;
				ONLY_ACTIVE_ARCH = YES;
				SDKROOT = iphoneos;
			};
			name = Debug;
		};
		FFC622771AC4A2DB00EDB26B /* Release */ = {
			isa = XCBuildConfiguration;
			buildSettings = {
				ALWAYS_SEARCH_USER_PATHS = NO;
				CLANG_CXX_LANGUAGE_STANDARD = "gnu++0x";
				CLANG_CXX_LIBRARY = "libc++";
				CLANG_ENABLE_MODULES = YES;
				CLANG_ENABLE_OBJC_ARC = YES;
				CLANG_WARN_BOOL_CONVERSION = YES;
				CLANG_WARN_CONSTANT_CONVERSION = YES;
				CLANG_WARN_DIRECT_OBJC_ISA_USAGE = YES_ERROR;
				CLANG_WARN_EMPTY_BODY = YES;
				CLANG_WARN_ENUM_CONVERSION = YES;
				CLANG_WARN_INT_CONVERSION = YES;
				CLANG_WARN_OBJC_ROOT_CLASS = YES_ERROR;
				CLANG_WARN_UNREACHABLE_CODE = YES;
				CLANG_WARN__DUPLICATE_METHOD_MATCH = YES;
				CODE_SIGN_IDENTITY = "Apple Development IOS Push Services: com.RossMcIlwaine.WorkoutCapstone";
				"CODE_SIGN_IDENTITY[sdk=iphoneos*]" = "iPhone Developer";
				COPY_PHASE_STRIP = NO;
				ENABLE_NS_ASSERTIONS = NO;
				ENABLE_STRICT_OBJC_MSGSEND = YES;
				GCC_C_LANGUAGE_STANDARD = gnu99;
				GCC_WARN_64_TO_32_BIT_CONVERSION = YES;
				GCC_WARN_ABOUT_RETURN_TYPE = YES_ERROR;
				GCC_WARN_UNDECLARED_SELECTOR = YES;
				GCC_WARN_UNINITIALIZED_AUTOS = YES_AGGRESSIVE;
				GCC_WARN_UNUSED_FUNCTION = YES;
				GCC_WARN_UNUSED_VARIABLE = YES;
				IPHONEOS_DEPLOYMENT_TARGET = 8.2;
				MTL_ENABLE_DEBUG_INFO = NO;
				SDKROOT = iphoneos;
				VALIDATE_PRODUCT = YES;
			};
			name = Release;
		};
		FFC622791AC4A2DB00EDB26B /* Debug */ = {
			isa = XCBuildConfiguration;
			buildSettings = {
				ASSETCATALOG_COMPILER_APPICON_NAME = AppIcon;
				CODE_SIGN_IDENTITY = "iPhone Developer";
				"CODE_SIGN_IDENTITY[sdk=iphoneos*]" = "iPhone Developer";
				FRAMEWORK_SEARCH_PATHS = (
					"$(inherited)",
					"$(PROJECT_DIR)/parse-library-1",
				);
				INFOPLIST_FILE = WorkoutCapstone/Info.plist;
				LD_RUNPATH_SEARCH_PATHS = "$(inherited) @executable_path/Frameworks";
				PRODUCT_NAME = "$(TARGET_NAME)";
				PROVISIONING_PROFILE = "";
			};
			name = Debug;
		};
		FFC6227A1AC4A2DB00EDB26B /* Release */ = {
			isa = XCBuildConfiguration;
			buildSettings = {
				ASSETCATALOG_COMPILER_APPICON_NAME = AppIcon;
				CODE_SIGN_IDENTITY = "iPhone Developer";
				"CODE_SIGN_IDENTITY[sdk=iphoneos*]" = "iPhone Developer";
				FRAMEWORK_SEARCH_PATHS = (
					"$(inherited)",
					"$(PROJECT_DIR)/parse-library-1",
				);
				INFOPLIST_FILE = WorkoutCapstone/Info.plist;
				LD_RUNPATH_SEARCH_PATHS = "$(inherited) @executable_path/Frameworks";
				PRODUCT_NAME = "$(TARGET_NAME)";
				PROVISIONING_PROFILE = "";
			};
			name = Release;
		};
		FFC6227C1AC4A2DB00EDB26B /* Debug */ = {
			isa = XCBuildConfiguration;
			buildSettings = {
				BUNDLE_LOADER = "$(TEST_HOST)";
				FRAMEWORK_SEARCH_PATHS = (
					"$(SDKROOT)/Developer/Library/Frameworks",
					"$(inherited)",
				);
				GCC_PREPROCESSOR_DEFINITIONS = (
					"DEBUG=1",
					"$(inherited)",
				);
				INFOPLIST_FILE = WorkoutCapstoneTests/Info.plist;
				LD_RUNPATH_SEARCH_PATHS = "$(inherited) @executable_path/Frameworks @loader_path/Frameworks";
				PRODUCT_NAME = "$(TARGET_NAME)";
				TEST_HOST = "$(BUILT_PRODUCTS_DIR)/WorkoutCapstone.app/WorkoutCapstone";
			};
			name = Debug;
		};
		FFC6227D1AC4A2DB00EDB26B /* Release */ = {
			isa = XCBuildConfiguration;
			buildSettings = {
				BUNDLE_LOADER = "$(TEST_HOST)";
				FRAMEWORK_SEARCH_PATHS = (
					"$(SDKROOT)/Developer/Library/Frameworks",
					"$(inherited)",
				);
				INFOPLIST_FILE = WorkoutCapstoneTests/Info.plist;
				LD_RUNPATH_SEARCH_PATHS = "$(inherited) @executable_path/Frameworks @loader_path/Frameworks";
				PRODUCT_NAME = "$(TARGET_NAME)";
				TEST_HOST = "$(BUILT_PRODUCTS_DIR)/WorkoutCapstone.app/WorkoutCapstone";
			};
			name = Release;
		};
/* End XCBuildConfiguration section */

/* Begin XCConfigurationList section */
		FFC622501AC4A2DA00EDB26B /* Build configuration list for PBXProject "WorkoutCapstone" */ = {
			isa = XCConfigurationList;
			buildConfigurations = (
				FFC622761AC4A2DB00EDB26B /* Debug */,
				FFC622771AC4A2DB00EDB26B /* Release */,
			);
			defaultConfigurationIsVisible = 0;
			defaultConfigurationName = Release;
		};
		FFC622781AC4A2DB00EDB26B /* Build configuration list for PBXNativeTarget "WorkoutCapstone" */ = {
			isa = XCConfigurationList;
			buildConfigurations = (
				FFC622791AC4A2DB00EDB26B /* Debug */,
				FFC6227A1AC4A2DB00EDB26B /* Release */,
			);
			defaultConfigurationIsVisible = 0;
			defaultConfigurationName = Release;
		};
		FFC6227B1AC4A2DB00EDB26B /* Build configuration list for PBXNativeTarget "WorkoutCapstoneTests" */ = {
			isa = XCConfigurationList;
			buildConfigurations = (
				FFC6227C1AC4A2DB00EDB26B /* Debug */,
				FFC6227D1AC4A2DB00EDB26B /* Release */,
			);
			defaultConfigurationIsVisible = 0;
			defaultConfigurationName = Release;
		};
/* End XCConfigurationList section */
	};
	rootObject = FFC6224D1AC4A2DA00EDB26B /* Project object */;
}
